{
  "version": 4,
  "terraform_version": "0.12.24",
  "serial": 4,
  "lineage": "82d3d1f4-dbbd-b866-f625-8437de893597",
  "outputs": {
    "bucket_name": {
      "value": "devops-test-devops",
      "type": "string"
    },
    "dynamodb_table_name": {
      "value": "devops-test-devops-lock",
      "type": "string"
    }
  },
  "resources": [
    {
      "mode": "data",
      "type": "template_file",
      "name": "this",
      "provider": "provider.template",
      "instances": [
        {
          "schema_version": 0,
          "attributes": {
            "filename": null,
            "id": "78de634933d50ed1fc0cc349f4d302d1be6b78e0fae4610167e266d4bb547cb3",
            "rendered": "{\n    \"Version\": \"2012-10-17\",\n    \"Id\": \"Policy1561729181822\",\n    \"Statement\": [\n        {\n            \"Sid\": \"Stmt1561729179238\",\n            \"Effect\": \"Allow\",\n            \"Principal\": {\n                \"AWS\": [\n                    \"arn:aws:iam::885381610217:root\",\n                    \"arn:aws:iam::649449869710:root\",\n                    \"arn:aws:iam::384576502279:root\"\n                ]\n            },\n            \"Action\": \"s3:*\",\n            \"Resource\": [\n                \"arn:aws:s3:::devops-test-devops\",\n                \"arn:aws:s3:::devops-test-devops/*\"\n            ]\n        }\n    ]\n}\n",
            "template": "{\n    \"Version\": \"2012-10-17\",\n    \"Id\": \"Policy1561729181822\",\n    \"Statement\": [\n        {\n            \"Sid\": \"Stmt1561729179238\",\n            \"Effect\": \"Allow\",\n            \"Principal\": {\n                \"AWS\": [\n                    \"arn:aws:iam::885381610217:root\",\n                    \"arn:aws:iam::649449869710:root\",\n                    \"arn:aws:iam::384576502279:root\"\n                ]\n            },\n            \"Action\": \"s3:*\",\n            \"Resource\": [\n                \"arn:aws:s3:::${company}-devops\",\n                \"arn:aws:s3:::${company}-devops/*\"\n            ]\n        }\n    ]\n}\n",
            "vars": {
              "company": "devops-test"
            }
          }
        }
      ]
    },
    {
      "mode": "managed",
      "type": "aws_dynamodb_table",
      "name": "this",
      "provider": "provider.aws",
      "instances": [
        {
          "schema_version": 1,
          "attributes": {
            "arn": "arn:aws:dynamodb:us-east-1:298643876816:table/devops-test-devops-lock",
            "attribute": [
              {
                "name": "LockID",
                "type": "S"
              }
            ],
            "billing_mode": "PAY_PER_REQUEST",
            "global_secondary_index": [],
            "hash_key": "LockID",
            "id": "devops-test-devops-lock",
            "local_secondary_index": [],
            "name": "devops-test-devops-lock",
            "point_in_time_recovery": [
              {
                "enabled": false
              }
            ],
            "range_key": null,
            "read_capacity": 0,
            "replica": [],
            "server_side_encryption": [],
            "stream_arn": "",
            "stream_enabled": false,
            "stream_label": "",
            "stream_view_type": "",
            "tags": {
              "Environment": "prd"
            },
            "timeouts": null,
            "ttl": [
              {
                "attribute_name": "",
                "enabled": false
              }
            ],
            "write_capacity": 0
          },
          "private": "eyJlMmJmYjczMC1lY2FhLTExZTYtOGY4OC0zNDM2M2JjN2M0YzAiOnsiY3JlYXRlIjo2MDAwMDAwMDAwMDAsImRlbGV0ZSI6NjAwMDAwMDAwMDAwLCJ1cGRhdGUiOjM2MDAwMDAwMDAwMDB9LCJzY2hlbWFfdmVyc2lvbiI6IjEifQ=="
        }
      ]
    },
    {
      "mode": "managed",
      "type": "aws_s3_bucket",
      "name": "this",
      "provider": "provider.aws",
      "instances": [
        {
          "schema_version": 0,
          "attributes": {
            "acceleration_status": "",
            "acl": "private",
            "arn": "arn:aws:s3:::devops-test-devops",
            "bucket": "devops-test-devops",
            "bucket_domain_name": "devops-test-devops.s3.amazonaws.com",
            "bucket_prefix": null,
            "bucket_regional_domain_name": "devops-test-devops.s3.amazonaws.com",
            "cors_rule": [],
            "force_destroy": false,
            "grant": [],
            "hosted_zone_id": "Z3AQBSTGFYJSTF",
            "id": "devops-test-devops",
            "lifecycle_rule": [],
            "logging": [],
            "object_lock_configuration": [],
            "policy": "{\"Id\":\"Policy1561729181822\",\"Statement\":[{\"Action\":\"s3:*\",\"Effect\":\"Allow\",\"Principal\":{\"AWS\":[\"arn:aws:iam::384576502279:root\",\"arn:aws:iam::649449869710:root\",\"arn:aws:iam::885381610217:root\"]},\"Resource\":[\"arn:aws:s3:::devops-test-devops\",\"arn:aws:s3:::devops-test-devops/*\"],\"Sid\":\"Stmt1561729179238\"}],\"Version\":\"2012-10-17\"}",
            "region": "us-east-1",
            "replication_configuration": [],
            "request_payer": "BucketOwner",
            "server_side_encryption_configuration": [
              {
                "rule": [
                  {
                    "apply_server_side_encryption_by_default": [
                      {
                        "kms_master_key_id": "aws/s3",
                        "sse_algorithm": "aws:kms"
                      }
                    ]
                  }
                ]
              }
            ],
            "tags": {
              "Environment": "prd"
            },
            "versioning": [
              {
                "enabled": true,
                "mfa_delete": false
              }
            ],
            "website": [],
            "website_domain": null,
            "website_endpoint": null
          },
          "private": "bnVsbA=="
        }
      ]
    },
    {
      "mode": "managed",
      "type": "aws_s3_bucket_public_access_block",
      "name": "this",
      "provider": "provider.aws",
      "instances": [
        {
          "schema_version": 0,
          "attributes": {
            "block_public_acls": false,
            "block_public_policy": true,
            "bucket": "devops-test-devops",
            "id": "devops-test-devops",
            "ignore_public_acls": false,
            "restrict_public_buckets": false
          },
          "private": "bnVsbA==",
          "dependencies": [
            "aws_s3_bucket.this"
          ]
        }
      ]
    }
  ]
}
